
Microsoft Visual Studio Solution File, Format Version 12.00
# Visual Studio Version 17
VisualStudioVersion = 17.11.35312.102
MinimumVisualStudioVersion = 10.0.40219.1
Project("{FAE04EC0-301F-11D3-BF4B-00C04F79EFBC}") = "BT3", "BT3\BT3.csproj", "{32EE5F4D-B257-49A6-993C-54A9AE7D9447}"
EndProject
Global
	GlobalSection(SolutionConfigurationPlatforms) = preSolution
		Debug|Any CPU = Debug|Any CPU
		Release|Any CPU = Release|Any CPU
	EndGlobalSection
	GlobalSection(ProjectConfigurationPlatforms) = postSolution
		{32EE5F4D-B257-49A6-993C-54A9AE7D9447}.Debug|Any CPU.ActiveCfg = Debug|Any CPU
		{32EE5F4D-B257-49A6-993C-54A9AE7D9447}.Debug|Any CPU.Build.0 = Debug|Any CPU
		{32EE5F4D-B257-49A6-993C-54A9AE7D9447}.Release|Any CPU.ActiveCfg = Release|Any CPU
		{32EE5F4D-B257-49A6-993C-54A9AE7D9447}.Release|Any CPU.Build.0 = Release|Any CPU
	EndGlobalSection
	GlobalSection(SolutionProperties) = preSolution
		HideSolutionNode = FALSE
	EndGlobalSection
	GlobalSection(ExtensibilityGlobals) = postSolution
		SolutionGuid = {1A24DB90-0FF3-41E1-A96A-A5A39B52EE58}
	EndGlobalSection
EndGlobal
